
Microsoft Visual Studio Solution File, Format Version 12.00
# Visual Studio Version 17
VisualStudioVersion = 17.8.34408.163
MinimumVisualStudioVersion = 10.0.40219.1
Project("{FAE04EC0-301F-11D3-BF4B-00C04F79EFBC}") = "aarons-wood_13_5", "aarons-wood_13_5\aarons-wood_13_5.csproj", "{B3808856-CD73-4CD7-8A0A-FCFEF294C390}"
EndProject
Global
	GlobalSection(SolutionConfigurationPlatforms) = preSolution
		Debug|Any CPU = Debug|Any CPU
		Release|Any CPU = Release|Any CPU
	EndGlobalSection
	GlobalSection(ProjectConfigurationPlatforms) = postSolution
		{B3808856-CD73-4CD7-8A0A-FCFEF294C390}.Debug|Any CPU.ActiveCfg = Debug|Any CPU
		{B3808856-CD73-4CD7-8A0A-FCFEF294C390}.Debug|Any CPU.Build.0 = Debug|Any CPU
		{B3808856-CD73-4CD7-8A0A-FCFEF294C390}.Release|Any CPU.ActiveCfg = Release|Any CPU
		{B3808856-CD73-4CD7-8A0A-FCFEF294C390}.Release|Any CPU.Build.0 = Release|Any CPU
	EndGlobalSection
	GlobalSection(SolutionProperties) = preSolution
		HideSolutionNode = FALSE
	EndGlobalSection
	GlobalSection(ExtensibilityGlobals) = postSolution
		SolutionGuid = {28F2E88F-40DC-441F-B29D-5690BC2FF98C}
	EndGlobalSection
EndGlobal
